
Microsoft Visual Studio Solution File, Format Version 12.00
# Visual Studio Version 17
VisualStudioVersion = 17.1.32210.238
MinimumVisualStudioVersion = 10.0.40219.1
Project("{2150E333-8FDC-42A3-9474-1A3956D46DE8}") = "0 - Domain", "0 - Domain", "{B6CFDC69-EB41-4D74-B071-FFC8F06BF5E5}"
EndProject
Project("{2150E333-8FDC-42A3-9474-1A3956D46DE8}") = "1 - Desktop", "1 - Desktop", "{E70AABDF-45ED-4E5E-A10D-B515E07D3CC1}"
EndProject
Project("{2150E333-8FDC-42A3-9474-1A3956D46DE8}") = "2 - Mobile", "2 - Mobile", "{2674EF03-05F2-4523-AC49-D637D18B1892}"
EndProject
Project("{9A19103F-16F7-4668-BE54-9A1E7A4F7556}") = "UTAD.Lab.G01.Domain", "UTAD.Lab.G01.Domain\UTAD.Lab.G01.Domain.csproj", "{5D9CE7D3-9351-4051-9BD9-3238E3AF877D}"
EndProject
Project("{9A19103F-16F7-4668-BE54-9A1E7A4F7556}") = "UTAD.Lab.G01.DesktopWPF", "UTAD.Lab.G01.DesktopWPF\UTAD.Lab.G01.DesktopWPF.csproj", "{5BACCD9A-2830-457C-BC4A-1AEDC8ABF340}"
EndProject
Project("{FAE04EC0-301F-11D3-BF4B-00C04F79EFBC}") = "UTAD.Lab.G01.MobileDroid.Android", "UTAD.Lab.G01.MobileDroid\UTAD.Lab.G01.MobileDroid.Android\UTAD.Lab.G01.MobileDroid.Android.csproj", "{A58C5735-19C2-4F1D-9441-241FE6857E6A}"
EndProject
Project("{9A19103F-16F7-4668-BE54-9A1E7A4F7556}") = "UTAD.Lab.G01.MobileDroid", "UTAD.Lab.G01.MobileDroid\UTAD.Lab.G01.MobileDroid\UTAD.Lab.G01.MobileDroid.csproj", "{3BF1D44B-AB78-4032-8F23-660654959CCE}"
EndProject
Project("{2150E333-8FDC-42A3-9474-1A3956D46DE8}") = "Resources", "Resources", "{90BCC36F-E64B-4A78-AF6C-3FC4D7AE8D9E}"
EndProject
Global
	GlobalSection(SolutionConfigurationPlatforms) = preSolution
		Debug|Any CPU = Debug|Any CPU
		Debug|x64 = Debug|x64
		Debug|x86 = Debug|x86
		Release|Any CPU = Release|Any CPU
		Release|x64 = Release|x64
		Release|x86 = Release|x86
	EndGlobalSection
	GlobalSection(ProjectConfigurationPlatforms) = postSolution
		{5D9CE7D3-9351-4051-9BD9-3238E3AF877D}.Debug|Any CPU.ActiveCfg = Debug|Any CPU
		{5D9CE7D3-9351-4051-9BD9-3238E3AF877D}.Debug|Any CPU.Build.0 = Debug|Any CPU
		{5D9CE7D3-9351-4051-9BD9-3238E3AF877D}.Debug|x64.ActiveCfg = Debug|Any CPU
		{5D9CE7D3-9351-4051-9BD9-3238E3AF877D}.Debug|x64.Build.0 = Debug|Any CPU
		{5D9CE7D3-9351-4051-9BD9-3238E3AF877D}.Debug|x86.ActiveCfg = Debug|Any CPU
		{5D9CE7D3-9351-4051-9BD9-3238E3AF877D}.Debug|x86.Build.0 = Debug|Any CPU
		{5D9CE7D3-9351-4051-9BD9-3238E3AF877D}.Release|Any CPU.ActiveCfg = Release|Any CPU
		{5D9CE7D3-9351-4051-9BD9-3238E3AF877D}.Release|Any CPU.Build.0 = Release|Any CPU
		{5D9CE7D3-9351-4051-9BD9-3238E3AF877D}.Release|x64.ActiveCfg = Release|Any CPU
		{5D9CE7D3-9351-4051-9BD9-3238E3AF877D}.Release|x64.Build.0 = Release|Any CPU
		{5D9CE7D3-9351-4051-9BD9-3238E3AF877D}.Release|x86.ActiveCfg = Release|Any CPU
		{5D9CE7D3-9351-4051-9BD9-3238E3AF877D}.Release|x86.Build.0 = Release|Any CPU
		{5BACCD9A-2830-457C-BC4A-1AEDC8ABF340}.Debug|Any CPU.ActiveCfg = Debug|Any CPU
		{5BACCD9A-2830-457C-BC4A-1AEDC8ABF340}.Debug|Any CPU.Build.0 = Debug|Any CPU
		{5BACCD9A-2830-457C-BC4A-1AEDC8ABF340}.Debug|x64.ActiveCfg = Debug|Any CPU
		{5BACCD9A-2830-457C-BC4A-1AEDC8ABF340}.Debug|x64.Build.0 = Debug|Any CPU
		{5BACCD9A-2830-457C-BC4A-1AEDC8ABF340}.Debug|x86.ActiveCfg = Debug|Any CPU
		{5BACCD9A-2830-457C-BC4A-1AEDC8ABF340}.Debug|x86.Build.0 = Debug|Any CPU
		{5BACCD9A-2830-457C-BC4A-1AEDC8ABF340}.Release|Any CPU.ActiveCfg = Release|Any CPU
		{5BACCD9A-2830-457C-BC4A-1AEDC8ABF340}.Release|Any CPU.Build.0 = Release|Any CPU
		{5BACCD9A-2830-457C-BC4A-1AEDC8ABF340}.Release|x64.ActiveCfg = Release|Any CPU
		{5BACCD9A-2830-457C-BC4A-1AEDC8ABF340}.Release|x64.Build.0 = Release|Any CPU
		{5BACCD9A-2830-457C-BC4A-1AEDC8ABF340}.Release|x86.ActiveCfg = Release|Any CPU
		{5BACCD9A-2830-457C-BC4A-1AEDC8ABF340}.Release|x86.Build.0 = Release|Any CPU
		{A58C5735-19C2-4F1D-9441-241FE6857E6A}.Debug|Any CPU.ActiveCfg = Debug|Any CPU
		{A58C5735-19C2-4F1D-9441-241FE6857E6A}.Debug|Any CPU.Build.0 = Debug|Any CPU
		{A58C5735-19C2-4F1D-9441-241FE6857E6A}.Debug|Any CPU.Deploy.0 = Debug|Any CPU
		{A58C5735-19C2-4F1D-9441-241FE6857E6A}.Debug|x64.ActiveCfg = Debug|Any CPU
		{A58C5735-19C2-4F1D-9441-241FE6857E6A}.Debug|x64.Build.0 = Debug|Any CPU
		{A58C5735-19C2-4F1D-9441-241FE6857E6A}.Debug|x64.Deploy.0 = Debug|Any CPU
		{A58C5735-19C2-4F1D-9441-241FE6857E6A}.Debug|x86.ActiveCfg = Debug|Any CPU
		{A58C5735-19C2-4F1D-9441-241FE6857E6A}.Debug|x86.Build.0 = Debug|Any CPU
		{A58C5735-19C2-4F1D-9441-241FE6857E6A}.Debug|x86.Deploy.0 = Debug|Any CPU
		{A58C5735-19C2-4F1D-9441-241FE6857E6A}.Release|Any CPU.ActiveCfg = Release|Any CPU
		{A58C5735-19C2-4F1D-9441-241FE6857E6A}.Release|Any CPU.Build.0 = Release|Any CPU
		{A58C5735-19C2-4F1D-9441-241FE6857E6A}.Release|Any CPU.Deploy.0 = Release|Any CPU
		{A58C5735-19C2-4F1D-9441-241FE6857E6A}.Release|x64.ActiveCfg = Release|Any CPU
		{A58C5735-19C2-4F1D-9441-241FE6857E6A}.Release|x64.Build.0 = Release|Any CPU
		{A58C5735-19C2-4F1D-9441-241FE6857E6A}.Release|x64.Deploy.0 = Release|Any CPU
		{A58C5735-19C2-4F1D-9441-241FE6857E6A}.Release|x86.ActiveCfg = Release|Any CPU
		{A58C5735-19C2-4F1D-9441-241FE6857E6A}.Release|x86.Build.0 = Release|Any CPU
		{A58C5735-19C2-4F1D-9441-241FE6857E6A}.Release|x86.Deploy.0 = Release|Any CPU
		{3BF1D44B-AB78-4032-8F23-660654959CCE}.Debug|Any CPU.ActiveCfg = Debug|Any CPU
		{3BF1D44B-AB78-4032-8F23-660654959CCE}.Debug|Any CPU.Build.0 = Debug|Any CPU
		{3BF1D44B-AB78-4032-8F23-660654959CCE}.Debug|x64.ActiveCfg = Debug|Any CPU
		{3BF1D44B-AB78-4032-8F23-660654959CCE}.Debug|x64.Build.0 = Debug|Any CPU
		{3BF1D44B-AB78-4032-8F23-660654959CCE}.Debug|x86.ActiveCfg = Debug|Any CPU
		{3BF1D44B-AB78-4032-8F23-660654959CCE}.Debug|x86.Build.0 = Debug|Any CPU
		{3BF1D44B-AB78-4032-8F23-660654959CCE}.Release|Any CPU.ActiveCfg = Release|Any CPU
		{3BF1D44B-AB78-4032-8F23-660654959CCE}.Release|Any CPU.Build.0 = Release|Any CPU
		{3BF1D44B-AB78-4032-8F23-660654959CCE}.Release|x64.ActiveCfg = Release|Any CPU
		{3BF1D44B-AB78-4032-8F23-660654959CCE}.Release|x64.Build.0 = Release|Any CPU
		{3BF1D44B-AB78-4032-8F23-660654959CCE}.Release|x86.ActiveCfg = Release|Any CPU
		{3BF1D44B-AB78-4032-8F23-660654959CCE}.Release|x86.Build.0 = Release|Any CPU
	EndGlobalSection
	GlobalSection(SolutionProperties) = preSolution
		HideSolutionNode = FALSE
	EndGlobalSection
	GlobalSection(NestedProjects) = preSolution
		{5D9CE7D3-9351-4051-9BD9-3238E3AF877D} = {B6CFDC69-EB41-4D74-B071-FFC8F06BF5E5}
		{5BACCD9A-2830-457C-BC4A-1AEDC8ABF340} = {E70AABDF-45ED-4E5E-A10D-B515E07D3CC1}
		{A58C5735-19C2-4F1D-9441-241FE6857E6A} = {2674EF03-05F2-4523-AC49-D637D18B1892}
		{3BF1D44B-AB78-4032-8F23-660654959CCE} = {2674EF03-05F2-4523-AC49-D637D18B1892}
		{90BCC36F-E64B-4A78-AF6C-3FC4D7AE8D9E} = {2674EF03-05F2-4523-AC49-D637D18B1892}
	EndGlobalSection
	GlobalSection(ExtensibilityGlobals) = postSolution
		SolutionGuid = {DBB2FC9C-80A4-4725-A02B-E879049E468E}
	EndGlobalSection
EndGlobal
